
Microsoft Visual Studio Solution File, Format Version 12.00
# Visual Studio Version 17
VisualStudioVersion = 17.8.34330.188
MinimumVisualStudioVersion = 10.0.40219.1
Project("{FAE04EC0-301F-11D3-BF4B-00C04F79EFBC}") = "Planner.Server", "Planner.Server\Planner.Server.csproj", "{D642C5DB-E0B9-4514-A7B0-71DB07D5A176}"
EndProject
Project("{54A90642-561A-4BB1-A94E-469ADEE60C69}") = "planner.client", "planner.client\planner.client.esproj", "{09CAC266-97FD-4C48-B932-6688EBCEE43C}"
EndProject
Global
	GlobalSection(SolutionConfigurationPlatforms) = preSolution
		Debug|Any CPU = Debug|Any CPU
		Release|Any CPU = Release|Any CPU
	EndGlobalSection
	GlobalSection(ProjectConfigurationPlatforms) = postSolution
		{D642C5DB-E0B9-4514-A7B0-71DB07D5A176}.Debug|Any CPU.ActiveCfg = Debug|Any CPU
		{D642C5DB-E0B9-4514-A7B0-71DB07D5A176}.Debug|Any CPU.Build.0 = Debug|Any CPU
		{D642C5DB-E0B9-4514-A7B0-71DB07D5A176}.Release|Any CPU.ActiveCfg = Release|Any CPU
		{D642C5DB-E0B9-4514-A7B0-71DB07D5A176}.Release|Any CPU.Build.0 = Release|Any CPU
		{09CAC266-97FD-4C48-B932-6688EBCEE43C}.Debug|Any CPU.ActiveCfg = Debug|Any CPU
		{09CAC266-97FD-4C48-B932-6688EBCEE43C}.Debug|Any CPU.Build.0 = Debug|Any CPU
		{09CAC266-97FD-4C48-B932-6688EBCEE43C}.Debug|Any CPU.Deploy.0 = Debug|Any CPU
		{09CAC266-97FD-4C48-B932-6688EBCEE43C}.Release|Any CPU.ActiveCfg = Release|Any CPU
		{09CAC266-97FD-4C48-B932-6688EBCEE43C}.Release|Any CPU.Build.0 = Release|Any CPU
		{09CAC266-97FD-4C48-B932-6688EBCEE43C}.Release|Any CPU.Deploy.0 = Release|Any CPU
	EndGlobalSection
	GlobalSection(SolutionProperties) = preSolution
		HideSolutionNode = FALSE
	EndGlobalSection
	GlobalSection(ExtensibilityGlobals) = postSolution
		SolutionGuid = {B83B5F35-05EA-43BA-875A-D20313F8E891}
	EndGlobalSection
EndGlobal
